
Microsoft Visual Studio Solution File, Format Version 12.00
# Visual Studio Version 16
VisualStudioVersion = 16.0.31112.23
MinimumVisualStudioVersion = 10.0.40219.1
Project("{FAE04EC0-301F-11D3-BF4B-00C04F79EFBC}") = "BillReminder", "BillReminder\BillReminder.csproj", "{0785DEDD-4675-4FE3-9E8C-D1A6BA69372A}"
EndProject
Global
	GlobalSection(SolutionConfigurationPlatforms) = preSolution
		Debug|Any CPU = Debug|Any CPU
		Release|Any CPU = Release|Any CPU
	EndGlobalSection
	GlobalSection(ProjectConfigurationPlatforms) = postSolution
		{0785DEDD-4675-4FE3-9E8C-D1A6BA69372A}.Debug|Any CPU.ActiveCfg = Debug|Any CPU
		{0785DEDD-4675-4FE3-9E8C-D1A6BA69372A}.Debug|Any CPU.Build.0 = Debug|Any CPU
		{0785DEDD-4675-4FE3-9E8C-D1A6BA69372A}.Release|Any CPU.ActiveCfg = Release|Any CPU
		{0785DEDD-4675-4FE3-9E8C-D1A6BA69372A}.Release|Any CPU.Build.0 = Release|Any CPU
	EndGlobalSection
	GlobalSection(SolutionProperties) = preSolution
		HideSolutionNode = FALSE
	EndGlobalSection
	GlobalSection(ExtensibilityGlobals) = postSolution
		SolutionGuid = {800910BE-5233-4695-ABB7-06E22EFA41A2}
	EndGlobalSection
EndGlobal
